
Microsoft Visual Studio Solution File, Format Version 12.00
# Visual Studio Version 17
VisualStudioVersion = 17.0.32014.148
MinimumVisualStudioVersion = 10.0.40219.1
Project("{FAE04EC0-301F-11D3-BF4B-00C04F79EFBC}") = "eunji", "eunji.csproj", "{ABD41837-1055-4C4F-BEA2-F41C260F64E3}"
EndProject
Global
	GlobalSection(SolutionConfigurationPlatforms) = preSolution
		Debug|Any CPU = Debug|Any CPU
		Release|Any CPU = Release|Any CPU
	EndGlobalSection
	GlobalSection(ProjectConfigurationPlatforms) = postSolution
		{ABD41837-1055-4C4F-BEA2-F41C260F64E3}.Debug|Any CPU.ActiveCfg = Debug|Any CPU
		{ABD41837-1055-4C4F-BEA2-F41C260F64E3}.Debug|Any CPU.Build.0 = Debug|Any CPU
		{ABD41837-1055-4C4F-BEA2-F41C260F64E3}.Release|Any CPU.ActiveCfg = Release|Any CPU
		{ABD41837-1055-4C4F-BEA2-F41C260F64E3}.Release|Any CPU.Build.0 = Release|Any CPU
	EndGlobalSection
	GlobalSection(SolutionProperties) = preSolution
		HideSolutionNode = FALSE
	EndGlobalSection
	GlobalSection(ExtensibilityGlobals) = postSolution
		SolutionGuid = {11C33EDF-6523-4CC1-AC21-9841C95A05AF}
	EndGlobalSection
EndGlobal
